
Microsoft Visual Studio Solution File, Format Version 12.00
# Visual Studio 15
VisualStudioVersion = 15.0.28307.136
MinimumVisualStudioVersion = 10.0.40219.1
Project("{FAE04EC0-301F-11D3-BF4B-00C04F79EFBC}") = "SimpleTimer", "Just An Attempt\SimpleTimer.csproj", "{1FE7A790-86F9-41F9-B569-FFDCD10C6608}"
EndProject
Global
	GlobalSection(SolutionConfigurationPlatforms) = preSolution
		Debug|Any CPU = Debug|Any CPU
		Release|Any CPU = Release|Any CPU
	EndGlobalSection
	GlobalSection(ProjectConfigurationPlatforms) = postSolution
		{1FE7A790-86F9-41F9-B569-FFDCD10C6608}.Debug|Any CPU.ActiveCfg = Debug|Any CPU
		{1FE7A790-86F9-41F9-B569-FFDCD10C6608}.Debug|Any CPU.Build.0 = Debug|Any CPU
		{1FE7A790-86F9-41F9-B569-FFDCD10C6608}.Release|Any CPU.ActiveCfg = Release|Any CPU
		{1FE7A790-86F9-41F9-B569-FFDCD10C6608}.Release|Any CPU.Build.0 = Release|Any CPU
	EndGlobalSection
	GlobalSection(SolutionProperties) = preSolution
		HideSolutionNode = FALSE
	EndGlobalSection
	GlobalSection(ExtensibilityGlobals) = postSolution
		SolutionGuid = {160EB897-B91A-4281-BCC8-E324E48773DE}
	EndGlobalSection
EndGlobal
